// !$*UTF8*$!
{
	archiveVersion = 1;
	classes = {
	};
	objectVersion = 50;
	objects = {

/* Begin PBXBuildFile section */
		B30A000325EBF62B00566032 /* Menu.swift in Sources */ = {isa = PBXBuildFile; fileRef = B30AFFFF25EBF62B00566032 /* Menu.swift */; };
		B30A000425EBF62B00566032 /* Helper.swift in Sources */ = {isa = PBXBuildFile; fileRef = B30A000025EBF62B00566032 /* Helper.swift */; };
		B30A000525EBF62B00566032 /* menu.json in Resources */ = {isa = PBXBuildFile; fileRef = B30A000125EBF62B00566032 /* menu.json */; };
		B30A000625EBF62B00566032 /* Order.swift in Sources */ = {isa = PBXBuildFile; fileRef = B30A000225EBF62B00566032 /* Order.swift */; };
		B30A000F25EBFB2C00566032 /* ItemRowView.swift in Sources */ = {isa = PBXBuildFile; fileRef = B30A000E25EBFB2C00566032 /* ItemRowView.swift */; };
		B30A001225EC1BA900566032 /* ItemDetailView.swift in Sources */ = {isa = PBXBuildFile; fileRef = B30A001125EC1BA900566032 /* ItemDetailView.swift */; };
		B30A001525ECD10700566032 /* OrderView.swift in Sources */ = {isa = PBXBuildFile; fileRef = B30A001425ECD10700566032 /* OrderView.swift */; };
		B33E5FF125ECD6D800BAF390 /* MainView.swift in Sources */ = {isa = PBXBuildFile; fileRef = B33E5FF025ECD6D800BAF390 /* MainView.swift */; };
		B3AAF18B25EBF5DE007A0F10 /* iDineApp.swift in Sources */ = {isa = PBXBuildFile; fileRef = B3AAF18A25EBF5DE007A0F10 /* iDineApp.swift */; };
		B3AAF18D25EBF5DE007A0F10 /* ContentView.swift in Sources */ = {isa = PBXBuildFile; fileRef = B3AAF18C25EBF5DE007A0F10 /* ContentView.swift */; };
		B3AAF18F25EBF5DF007A0F10 /* Assets.xcassets in Resources */ = {isa = PBXBuildFile; fileRef = B3AAF18E25EBF5DF007A0F10 /* Assets.xcassets */; };
		B3AAF19225EBF5DF007A0F10 /* Preview Assets.xcassets in Resources */ = {isa = PBXBuildFile; fileRef = B3AAF19125EBF5DF007A0F10 /* Preview Assets.xcassets */; };
/* End PBXBuildFile section */

/* Begin PBXFileReference section */
		B30A000025EBF62B00566032 /* Helper.swift */ = {isa = PBXFileReference; fileEncoding = 4; lastKnownFileType = sourcecode.swift; path = Helper.swift; sourceTree = "<group>"; };
		B30A000125EBF62B00566032 /* menu.json */ = {isa = PBXFileReference; fileEncoding = 4; lastKnownFileType = text.json; path = menu.json; sourceTree = "<group>"; };
		B30A000225EBF62B00566032 /* Order.swift */ = {isa = PBXFileReference; fileEncoding = 4; lastKnownFileType = sourcecode.swift; path = Order.swift; sourceTree = "<group>"; };
		B30A000E25EBFB2C00566032 /* ItemRowView.swift */ = {isa = PBXFileReference; lastKnownFileType = sourcecode.swift; path = ItemRowView.swift; sourceTree = "<group>"; };
		B30A001125EC1BA900566032 /* ItemDetailView.swift */ = {isa = PBXFileReference; lastKnownFileType = sourcecode.swift; path = ItemDetailView.swift; sourceTree = "<group>"; };
		B30A001425ECD10700566032 /* OrderView.swift */ = {isa = PBXFileReference; lastKnownFileType = sourcecode.swift; path = OrderView.swift; sourceTree = "<group>"; };
		B30AFFFF25EBF62B00566032 /* Menu.swift */ = {isa = PBXFileReference; fileEncoding = 4; lastKnownFileType = sourcecode.swift; path = Menu.swift; sourceTree = "<group>"; };
		B33E5FF025ECD6D800BAF390 /* MainView.swift */ = {isa = PBXFileReference; lastKnownFileType = sourcecode.swift; path = MainView.swift; sourceTree = "<group>"; };
		B3AAF18725EBF5DE007A0F10 /* iDine.app */ = {isa = PBXFileReference; explicitFileType = wrapper.application; includeInIndex = 0; path = iDine.app; sourceTree = BUILT_PRODUCTS_DIR; };
		B3AAF18A25EBF5DE007A0F10 /* iDineApp.swift */ = {isa = PBXFileReference; lastKnownFileType = sourcecode.swift; path = iDineApp.swift; sourceTree = "<group>"; };
		B3AAF18C25EBF5DE007A0F10 /* ContentView.swift */ = {isa = PBXFileReference; lastKnownFileType = sourcecode.swift; path = ContentView.swift; sourceTree = "<group>"; };
		B3AAF18E25EBF5DF007A0F10 /* Assets.xcassets */ = {isa = PBXFileReference; lastKnownFileType = folder.assetcatalog; path = Assets.xcassets; sourceTree = "<group>"; };
		B3AAF19125EBF5DF007A0F10 /* Preview Assets.xcassets */ = {isa = PBXFileReference; lastKnownFileType = folder.assetcatalog; path = "Preview Assets.xcassets"; sourceTree = "<group>"; };
		B3AAF19325EBF5DF007A0F10 /* Info.plist */ = {isa = PBXFileReference; lastKnownFileType = text.plist.xml; path = Info.plist; sourceTree = "<group>"; };
/* End PBXFileReference section */

/* Begin PBXFrameworksBuildPhase section */
		B3AAF18425EBF5DE007A0F10 /* Frameworks */ = {
			isa = PBXFrameworksBuildPhase;
			buildActionMask = 2147483647;
			files = (
			);
			runOnlyForDeploymentPostprocessing = 0;
		};
/* End PBXFrameworksBuildPhase section */

/* Begin PBXGroup section */
		B30A000825EBF63000566032 /* Helpers */ = {
			isa = PBXGroup;
			children = (
				B30A000025EBF62B00566032 /* Helper.swift */,
			);
			path = Helpers;
			sourceTree = "<group>";
		};
		B30A000A25EBF64100566032 /* Models */ = {
			isa = PBXGroup;
			children = (
				B30A000225EBF62B00566032 /* Order.swift */,
				B30A000125EBF62B00566032 /* menu.json */,
				B30AFFFF25EBF62B00566032 /* Menu.swift */,
			);
			path = Models;
			sourceTree = "<group>";
		};
		B3AAF17E25EBF5DE007A0F10 = {
			isa = PBXGroup;
			children = (
				B3AAF18925EBF5DE007A0F10 /* iDine */,
				B3AAF18825EBF5DE007A0F10 /* Products */,
			);
			sourceTree = "<group>";
		};
		B3AAF18825EBF5DE007A0F10 /* Products */ = {
			isa = PBXGroup;
			children = (
				B3AAF18725EBF5DE007A0F10 /* iDine.app */,
			);
			name = Products;
			sourceTree = "<group>";
		};
		B3AAF18925EBF5DE007A0F10 /* iDine */ = {
			isa = PBXGroup;
			children = (
				B3AAF18A25EBF5DE007A0F10 /* iDineApp.swift */,
				B3AAF18C25EBF5DE007A0F10 /* ContentView.swift */,
				B30A001125EC1BA900566032 /* ItemDetailView.swift */,
				B33E5FF025ECD6D800BAF390 /* MainView.swift */,
				B30A001425ECD10700566032 /* OrderView.swift */,
				B30A000E25EBFB2C00566032 /* ItemRowView.swift */,
				B30A000825EBF63000566032 /* Helpers */,
				B30A000A25EBF64100566032 /* Models */,
				B3AAF18E25EBF5DF007A0F10 /* Assets.xcassets */,
				B3AAF19325EBF5DF007A0F10 /* Info.plist */,
				B3AAF19025EBF5DF007A0F10 /* Preview Content */,
			);
			path = iDine;
			sourceTree = "<group>";
		};
		B3AAF19025EBF5DF007A0F10 /* Preview Content */ = {
			isa = PBXGroup;
			children = (
				B3AAF19125EBF5DF007A0F10 /* Preview Assets.xcassets */,
			);
			path = "Preview Content";
			sourceTree = "<group>";
		};
/* End PBXGroup section */

/* Begin PBXNativeTarget section */
		B3AAF18625EBF5DE007A0F10 /* iDine */ = {
			isa = PBXNativeTarget;
			buildConfigurationList = B3AAF19625EBF5DF007A0F10 /* Build configuration list for PBXNativeTarget "iDine" */;
			buildPhases = (
				B3AAF18325EBF5DE007A0F10 /* Sources */,
				B3AAF18425EBF5DE007A0F10 /* Frameworks */,
				B3AAF18525EBF5DE007A0F10 /* Resources */,
			);
			buildRules = (
			);
			dependencies = (
			);
			name = iDine;
			productName = iDine;
			productReference = B3AAF18725EBF5DE007A0F10 /* iDine.app */;
			productType = "com.apple.product-type.application";
		};
/* End PBXNativeTarget section */

/* Begin PBXProject section */
		B3AAF17F25EBF5DE007A0F10 /* Project object */ = {
			isa = PBXProject;
			attributes = {
				LastSwiftUpdateCheck = 1240;
				LastUpgradeCheck = 1240;
				TargetAttributes = {
					B3AAF18625EBF5DE007A0F10 = {
						CreatedOnToolsVersion = 12.4;
					};
				};
			};
			buildConfigurationList = B3AAF18225EBF5DE007A0F10 /* Build configuration list for PBXProject "iDine" */;
			compatibilityVersion = "Xcode 9.3";
			developmentRegion = en;
			hasScannedForEncodings = 0;
			knownRegions = (
				en,
				Base,
			);
			mainGroup = B3AAF17E25EBF5DE007A0F10;
			productRefGroup = B3AAF18825EBF5DE007A0F10 /* Products */;
			projectDirPath = "";
			projectRoot = "";
			targets = (
				B3AAF18625EBF5DE007A0F10 /* iDine */,
			);
		};
/* End PBXProject section */

/* Begin PBXResourcesBuildPhase section */
		B3AAF18525EBF5DE007A0F10 /* Resources */ = {
			isa = PBXResourcesBuildPhase;
			buildActionMask = 2147483647;
			files = (
				B30A000525EBF62B00566032 /* menu.json in Resources */,
				B3AAF19225EBF5DF007A0F10 /* Preview Assets.xcassets in Resources */,
				B3AAF18F25EBF5DF007A0F10 /* Assets.xcassets in Resources */,
			);
			runOnlyForDeploymentPostprocessing = 0;
		};
/* End PBXResourcesBuildPhase section */

/* Begin PBXSourcesBuildPhase section */
		B3AAF18325EBF5DE007A0F10 /* Sources */ = {
			isa = PBXSourcesBuildPhase;
			buildActionMask = 2147483647;
			files = (
				B30A000325EBF62B00566032 /* Menu.swift in Sources */,
				B33E5FF125ECD6D800BAF390 /* MainView.swift in Sources */,
				B30A001525ECD10700566032 /* OrderView.swift in Sources */,
				B3AAF18D25EBF5DE007A0F10 /* ContentView.swift in Sources */,
				B30A001225EC1BA900566032 /* ItemDetailView.swift in Sources */,
				B30A000F25EBFB2C00566032 /* ItemRowView.swift in Sources */,
				B30A000625EBF62B00566032 /* Order.swift in Sources */,
				B3AAF18B25EBF5DE007A0F10 /* iDineApp.swift in Sources */,
				B30A000425EBF62B00566032 /* Helper.swift in Sources */,
			);
			runOnlyForDeploymentPostprocessing = 0;
		};
/* End PBXSourcesBuildPhase section */

/* Begin XCBuildConfiguration section */
		B3AAF19425EBF5DF007A0F10 /* Debug */ = {
			isa = XCBuildConfiguration;
			buildSettings = {
				ALWAYS_SEARCH_USER_PATHS = NO;
				CLANG_ANALYZER_NONNULL = YES;
				CLANG_ANALYZER_NUMBER_OBJECT_CONVERSION = YES_AGGRESSIVE;
				CLANG_CXX_LANGUAGE_STANDARD = "gnu++14";
				CLANG_CXX_LIBRARY = "libc++";
				CLANG_ENABLE_MODULES = YES;
				CLANG_ENABLE_OBJC_ARC = YES;
				CLANG_ENABLE_OBJC_WEAK = YES;
				CLANG_WARN_BLOCK_CAPTURE_AUTORELEASING = YES;
				CLANG_WARN_BOOL_CONVERSION = YES;
				CLANG_WARN_COMMA = YES;
				CLANG_WARN_CONSTANT_CONVERSION = YES;
				CLANG_WARN_DEPRECATED_OBJC_IMPLEMENTATIONS = YES;
				CLANG_WARN_DIRECT_OBJC_ISA_USAGE = YES_ERROR;
				CLANG_WARN_DOCUMENTATION_COMMENTS = YES;
				CLANG_WARN_EMPTY_BODY = YES;
				CLANG_WARN_ENUM_CONVERSION = YES;
				CLANG_WARN_INFINITE_RECURSION = YES;
				CLANG_WARN_INT_CONVERSION = YES;
				CLANG_WARN_NON_LITERAL_NULL_CONVERSION = YES;
				CLANG_WARN_OBJC_IMPLICIT_RETAIN_SELF = YES;
				CLANG_WARN_OBJC_LITERAL_CONVERSION = YES;
				CLANG_WARN_OBJC_ROOT_CLASS = YES_ERROR;
				CLANG_WARN_QUOTED_INCLUDE_IN_FRAMEWORK_HEADER = YES;
				CLANG_WARN_RANGE_LOOP_ANALYSIS = YES;
				CLANG_WARN_STRICT_PROTOTYPES = YES;
				CLANG_WARN_SUSPICIOUS_MOVE = YES;
				CLANG_WARN_UNGUARDED_AVAILABILITY = YES_AGGRESSIVE;
				CLANG_WARN_UNREACHABLE_CODE = YES;
				CLANG_WARN__DUPLICATE_METHOD_MATCH = YES;
				COPY_PHASE_STRIP = NO;
				DEBUG_INFORMATION_FORMAT = dwarf;
				ENABLE_STRICT_OBJC_MSGSEND = YES;
				ENABLE_TESTABILITY = YES;
				GCC_C_LANGUAGE_STANDARD = gnu11;
				GCC_DYNAMIC_NO_PIC = NO;
				GCC_NO_COMMON_BLOCKS = YES;
				GCC_OPTIMIZATION_LEVEL = 0;
				GCC_PREPROCESSOR_DEFINITIONS = (
					"DEBUG=1",
					"$(inherited)",
				);
				GCC_WARN_64_TO_32_BIT_CONVERSION = YES;
				GCC_WARN_ABOUT_RETURN_TYPE = YES_ERROR;
				GCC_WARN_UNDECLARED_SELECTOR = YES;
				GCC_WARN_UNINITIALIZED_AUTOS = YES_AGGRESSIVE;
				GCC_WARN_UNUSED_FUNCTION = YES;
				GCC_WARN_UNUSED_VARIABLE = YES;
				IPHONEOS_DEPLOYMENT_TARGET = 14.4;
				MTL_ENABLE_DEBUG_INFO = INCLUDE_SOURCE;
				MTL_FAST_MATH = YES;
				ONLY_ACTIVE_ARCH = YES;
				SDKROOT = iphoneos;
				SWIFT_ACTIVE_COMPILATION_CONDITIONS = DEBUG;
				SWIFT_OPTIMIZATION_LEVEL = "-Onone";
			};
			name = Debug;
		};
		B3AAF19525EBF5DF007A0F10 /* Release */ = {
			isa = XCBuildConfiguration;
			buildSettings = {
				ALWAYS_SEARCH_USER_PATHS = NO;
				CLANG_ANALYZER_NONNULL = YES;
				CLANG_ANALYZER_NUMBER_OBJECT_CONVERSION = YES_AGGRESSIVE;
				CLANG_CXX_LANGUAGE_STANDARD = "gnu++14";
				CLANG_CXX_LIBRARY = "libc++";
				CLANG_ENABLE_MODULES = YES;
				CLANG_ENABLE_OBJC_ARC = YES;
				CLANG_ENABLE_OBJC_WEAK = YES;
				CLANG_WARN_BLOCK_CAPTURE_AUTORELEASING = YES;
				CLANG_WARN_BOOL_CONVERSION = YES;
				CLANG_WARN_COMMA = YES;
				CLANG_WARN_CONSTANT_CONVERSION = YES;
				CLANG_WARN_DEPRECATED_OBJC_IMPLEMENTATIONS = YES;
				CLANG_WARN_DIRECT_OBJC_ISA_USAGE = YES_ERROR;
				CLANG_WARN_DOCUMENTATION_COMMENTS = YES;
				CLANG_WARN_EMPTY_BODY = YES;
				CLANG_WARN_ENUM_CONVERSION = YES;
				CLANG_WARN_INFINITE_RECURSION = YES;
				CLANG_WARN_INT_CONVERSION = YES;
				CLANG_WARN_NON_LITERAL_NULL_CONVERSION = YES;
				CLANG_WARN_OBJC_IMPLICIT_RETAIN_SELF = YES;
				CLANG_WARN_OBJC_LITERAL_CONVERSION = YES;
				CLANG_WARN_OBJC_ROOT_CLASS = YES_ERROR;
				CLANG_WARN_QUOTED_INCLUDE_IN_FRAMEWORK_HEADER = YES;
				CLANG_WARN_RANGE_LOOP_ANALYSIS = YES;
				CLANG_WARN_STRICT_PROTOTYPES = YES;
				CLANG_WARN_SUSPICIOUS_MOVE = YES;
				CLANG_WARN_UNGUARDED_AVAILABILITY = YES_AGGRESSIVE;
				CLANG_WARN_UNREACHABLE_CODE = YES;
				CLANG_WARN__DUPLICATE_METHOD_MATCH = YES;
				COPY_PHASE_STRIP = NO;
				DEBUG_INFORMATION_FORMAT = "dwarf-with-dsym";
				ENABLE_NS_ASSERTIONS = NO;
				ENABLE_STRICT_OBJC_MSGSEND = YES;
				GCC_C_LANGUAGE_STANDARD = gnu11;
				GCC_NO_COMMON_BLOCKS = YES;
				GCC_WARN_64_TO_32_BIT_CONVERSION = YES;
				GCC_WARN_ABOUT_RETURN_TYPE = YES_ERROR;
				GCC_WARN_UNDECLARED_SELECTOR = YES;
				GCC_WARN_UNINITIALIZED_AUTOS = YES_AGGRESSIVE;
				GCC_WARN_UNUSED_FUNCTION = YES;
				GCC_WARN_UNUSED_VARIABLE = YES;
				IPHONEOS_DEPLOYMENT_TARGET = 14.4;
				MTL_ENABLE_DEBUG_INFO = NO;
				MTL_FAST_MATH = YES;
				SDKROOT = iphoneos;
				SWIFT_COMPILATION_MODE = wholemodule;
				SWIFT_OPTIMIZATION_LEVEL = "-O";
				VALIDATE_PRODUCT = YES;
			};
			name = Release;
		};
		B3AAF19725EBF5DF007A0F10 /* Debug */ = {
			isa = XCBuildConfiguration;
			buildSettings = {
				ASSETCATALOG_COMPILER_APPICON_NAME = AppIcon;
				ASSETCATALOG_COMPILER_GLOBAL_ACCENT_COLOR_NAME = AccentColor;
				CODE_SIGN_STYLE = Automatic;
				DEVELOPMENT_ASSET_PATHS = "\"iDine/Preview Content\"";
				DEVELOPMENT_TEAM = 376A7TU685;
				ENABLE_PREVIEWS = YES;
				INFOPLIST_FILE = iDine/Info.plist;
				IPHONEOS_DEPLOYMENT_TARGET = 14.0;
				LD_RUNPATH_SEARCH_PATHS = (
					"$(inherited)",
					"@executable_path/Frameworks",
				);
				PRODUCT_BUNDLE_IDENTIFIER = com.leonidnazarov.iDine;
				PRODUCT_NAME = "$(TARGET_NAME)";
				SWIFT_VERSION = 5.0;
				TARGETED_DEVICE_FAMILY = "1,2";
			};
			name = Debug;
		};
		B3AAF19825EBF5DF007A0F10 /* Release */ = {
			isa = XCBuildConfiguration;
			buildSettings = {
				ASSETCATALOG_COMPILER_APPICON_NAME = AppIcon;
				ASSETCATALOG_COMPILER_GLOBAL_ACCENT_COLOR_NAME = AccentColor;
				CODE_SIGN_STYLE = Automatic;
				DEVELOPMENT_ASSET_PATHS = "\"iDine/Preview Content\"";
				DEVELOPMENT_TEAM = 376A7TU685;
				ENABLE_PREVIEWS = YES;
				INFOPLIST_FILE = iDine/Info.plist;
				IPHONEOS_DEPLOYMENT_TARGET = 14.0;
				LD_RUNPATH_SEARCH_PATHS = (
					"$(inherited)",
					"@executable_path/Frameworks",
				);
				PRODUCT_BUNDLE_IDENTIFIER = com.leonidnazarov.iDine;
				PRODUCT_NAME = "$(TARGET_NAME)";
				SWIFT_VERSION = 5.0;
				TARGETED_DEVICE_FAMILY = "1,2";
			};
			name = Release;
		};
/* End XCBuildConfiguration section */

/* Begin XCConfigurationList section */
		B3AAF18225EBF5DE007A0F10 /* Build configuration list for PBXProject "iDine" */ = {
			isa = XCConfigurationList;
			buildConfigurations = (
				B3AAF19425EBF5DF007A0F10 /* Debug */,
				B3AAF19525EBF5DF007A0F10 /* Release */,
			);
			defaultConfigurationIsVisible = 0;
			defaultConfigurationName = Release;
		};
		B3AAF19625EBF5DF007A0F10 /* Build configuration list for PBXNativeTarget "iDine" */ = {
			isa = XCConfigurationList;
			buildConfigurations = (
				B3AAF19725EBF5DF007A0F10 /* Debug */,
				B3AAF19825EBF5DF007A0F10 /* Release */,
			);
			defaultConfigurationIsVisible = 0;
			defaultConfigurationName = Release;
		};
/* End XCConfigurationList section */
	};
	rootObject = B3AAF17F25EBF5DE007A0F10 /* Project object */;
}
